
Microsoft Visual Studio Solution File, Format Version 12.00
# Visual Studio Version 17
VisualStudioVersion = 17.8.34408.163
MinimumVisualStudioVersion = 10.0.40219.1
Project("{FAE04EC0-301F-11D3-BF4B-00C04F79EFBC}") = "Mywc", "Mywc\Mywc.csproj", "{52081276-23C0-491F-B34E-DEDC64964847}"
EndProject
Global
	GlobalSection(SolutionConfigurationPlatforms) = preSolution
		Debug|Any CPU = Debug|Any CPU
		Release|Any CPU = Release|Any CPU
	EndGlobalSection
	GlobalSection(ProjectConfigurationPlatforms) = postSolution
		{52081276-23C0-491F-B34E-DEDC64964847}.Debug|Any CPU.ActiveCfg = Debug|Any CPU
		{52081276-23C0-491F-B34E-DEDC64964847}.Debug|Any CPU.Build.0 = Debug|Any CPU
		{52081276-23C0-491F-B34E-DEDC64964847}.Release|Any CPU.ActiveCfg = Release|Any CPU
		{52081276-23C0-491F-B34E-DEDC64964847}.Release|Any CPU.Build.0 = Release|Any CPU
	EndGlobalSection
	GlobalSection(SolutionProperties) = preSolution
		HideSolutionNode = FALSE
	EndGlobalSection
	GlobalSection(ExtensibilityGlobals) = postSolution
		SolutionGuid = {6BFF6F79-AEAC-49CC-8834-057B7F3C5392}
	EndGlobalSection
EndGlobal
